
Microsoft Visual Studio Solution File, Format Version 12.00
# Visual Studio Version 16
VisualStudioVersion = 16.0.29409.12
MinimumVisualStudioVersion = 10.0.40219.1
Project("{9A19103F-16F7-4668-BE54-9A1E7A4F7556}") = "blazorSolution", "..\blazorSolution.csproj", "{4067C538-D773-4E60-A3A5-19BAC6E23446}"
EndProject
Global
	GlobalSection(SolutionConfigurationPlatforms) = preSolution
		Debug|Any CPU = Debug|Any CPU
		Release|Any CPU = Release|Any CPU
	EndGlobalSection
	GlobalSection(ProjectConfigurationPlatforms) = postSolution
		{4067C538-D773-4E60-A3A5-19BAC6E23446}.Debug|Any CPU.ActiveCfg = Debug|Any CPU
		{4067C538-D773-4E60-A3A5-19BAC6E23446}.Debug|Any CPU.Build.0 = Debug|Any CPU
		{4067C538-D773-4E60-A3A5-19BAC6E23446}.Release|Any CPU.ActiveCfg = Release|Any CPU
		{4067C538-D773-4E60-A3A5-19BAC6E23446}.Release|Any CPU.Build.0 = Release|Any CPU
	EndGlobalSection
	GlobalSection(SolutionProperties) = preSolution
		HideSolutionNode = FALSE
	EndGlobalSection
	GlobalSection(ExtensibilityGlobals) = postSolution
		SolutionGuid = {B17E6AF4-DE6C-49FD-8FAF-9D84954D6405}
	EndGlobalSection
EndGlobal
